
Microsoft Visual Studio Solution File, Format Version 12.00
# Visual Studio Version 16
VisualStudioVersion = 16.0.28803.452
MinimumVisualStudioVersion = 10.0.40219.1
Project("{9A19103F-16F7-4668-BE54-9A1E7A4F7556}") = "FileTransfe", "FileTransfe\FileTransfe.csproj", "{29FD9FA8-F735-44B8-B5E4-4C147F27CE99}"
EndProject
Project("{FAE04EC0-301F-11D3-BF4B-00C04F79EFBC}") = "TransfeTest", "TransfeTest\TransfeTest.csproj", "{0E78C74C-FF54-494E-B73A-87FEE11527A6}"
EndProject
Project("{FAE04EC0-301F-11D3-BF4B-00C04F79EFBC}") = "Upgrade.ProgramRelease", "Upgrade.ProgramRelease\Upgrade.ProgramRelease.csproj", "{0DADE45C-D974-4439-953A-73D8FFFF89BE}"
EndProject
Project("{9A19103F-16F7-4668-BE54-9A1E7A4F7556}") = "Upgrade.Authentication", "Upgrade.Authentication\Upgrade.Authentication.csproj", "{702F79CC-5740-4B0E-A9F1-13BFDEE19A15}"
EndProject
Project("{9A19103F-16F7-4668-BE54-9A1E7A4F7556}") = "Upgrade.Server", "Upgrade.Server\Upgrade.Server.csproj", "{63FFDED2-2F1D-43F4-9AA2-6B297891F34F}"
EndProject
Global
	GlobalSection(SolutionConfigurationPlatforms) = preSolution
		Debug|Any CPU = Debug|Any CPU
		Debug|ARM = Debug|ARM
		Debug|ARM64 = Debug|ARM64
		Debug|x64 = Debug|x64
		Debug|x86 = Debug|x86
		Release|Any CPU = Release|Any CPU
		Release|ARM = Release|ARM
		Release|ARM64 = Release|ARM64
		Release|x64 = Release|x64
		Release|x86 = Release|x86
	EndGlobalSection
	GlobalSection(ProjectConfigurationPlatforms) = postSolution
		{29FD9FA8-F735-44B8-B5E4-4C147F27CE99}.Debug|Any CPU.ActiveCfg = Debug|Any CPU
		{29FD9FA8-F735-44B8-B5E4-4C147F27CE99}.Debug|Any CPU.Build.0 = Debug|Any CPU
		{29FD9FA8-F735-44B8-B5E4-4C147F27CE99}.Debug|ARM.ActiveCfg = Debug|Any CPU
		{29FD9FA8-F735-44B8-B5E4-4C147F27CE99}.Debug|ARM.Build.0 = Debug|Any CPU
		{29FD9FA8-F735-44B8-B5E4-4C147F27CE99}.Debug|ARM64.ActiveCfg = Debug|Any CPU
		{29FD9FA8-F735-44B8-B5E4-4C147F27CE99}.Debug|ARM64.Build.0 = Debug|Any CPU
		{29FD9FA8-F735-44B8-B5E4-4C147F27CE99}.Debug|x64.ActiveCfg = Debug|Any CPU
		{29FD9FA8-F735-44B8-B5E4-4C147F27CE99}.Debug|x64.Build.0 = Debug|Any CPU
		{29FD9FA8-F735-44B8-B5E4-4C147F27CE99}.Debug|x86.ActiveCfg = Debug|Any CPU
		{29FD9FA8-F735-44B8-B5E4-4C147F27CE99}.Debug|x86.Build.0 = Debug|Any CPU
		{29FD9FA8-F735-44B8-B5E4-4C147F27CE99}.Release|Any CPU.ActiveCfg = Release|Any CPU
		{29FD9FA8-F735-44B8-B5E4-4C147F27CE99}.Release|Any CPU.Build.0 = Release|Any CPU
		{29FD9FA8-F735-44B8-B5E4-4C147F27CE99}.Release|ARM.ActiveCfg = Release|Any CPU
		{29FD9FA8-F735-44B8-B5E4-4C147F27CE99}.Release|ARM.Build.0 = Release|Any CPU
		{29FD9FA8-F735-44B8-B5E4-4C147F27CE99}.Release|ARM64.ActiveCfg = Release|Any CPU
		{29FD9FA8-F735-44B8-B5E4-4C147F27CE99}.Release|ARM64.Build.0 = Release|Any CPU
		{29FD9FA8-F735-44B8-B5E4-4C147F27CE99}.Release|x64.ActiveCfg = Release|Any CPU
		{29FD9FA8-F735-44B8-B5E4-4C147F27CE99}.Release|x64.Build.0 = Release|Any CPU
		{29FD9FA8-F735-44B8-B5E4-4C147F27CE99}.Release|x86.ActiveCfg = Release|Any CPU
		{29FD9FA8-F735-44B8-B5E4-4C147F27CE99}.Release|x86.Build.0 = Release|Any CPU
		{0E78C74C-FF54-494E-B73A-87FEE11527A6}.Debug|Any CPU.ActiveCfg = Debug|Any CPU
		{0E78C74C-FF54-494E-B73A-87FEE11527A6}.Debug|Any CPU.Build.0 = Debug|Any CPU
		{0E78C74C-FF54-494E-B73A-87FEE11527A6}.Debug|ARM.ActiveCfg = Debug|Any CPU
		{0E78C74C-FF54-494E-B73A-87FEE11527A6}.Debug|ARM.Build.0 = Debug|Any CPU
		{0E78C74C-FF54-494E-B73A-87FEE11527A6}.Debug|ARM64.ActiveCfg = Debug|Any CPU
		{0E78C74C-FF54-494E-B73A-87FEE11527A6}.Debug|ARM64.Build.0 = Debug|Any CPU
		{0E78C74C-FF54-494E-B73A-87FEE11527A6}.Debug|x64.ActiveCfg = Debug|Any CPU
		{0E78C74C-FF54-494E-B73A-87FEE11527A6}.Debug|x64.Build.0 = Debug|Any CPU
		{0E78C74C-FF54-494E-B73A-87FEE11527A6}.Debug|x86.ActiveCfg = Debug|Any CPU
		{0E78C74C-FF54-494E-B73A-87FEE11527A6}.Debug|x86.Build.0 = Debug|Any CPU
		{0E78C74C-FF54-494E-B73A-87FEE11527A6}.Release|Any CPU.ActiveCfg = Release|Any CPU
		{0E78C74C-FF54-494E-B73A-87FEE11527A6}.Release|Any CPU.Build.0 = Release|Any CPU
		{0E78C74C-FF54-494E-B73A-87FEE11527A6}.Release|ARM.ActiveCfg = Release|Any CPU
		{0E78C74C-FF54-494E-B73A-87FEE11527A6}.Release|ARM.Build.0 = Release|Any CPU
		{0E78C74C-FF54-494E-B73A-87FEE11527A6}.Release|ARM64.ActiveCfg = Release|Any CPU
		{0E78C74C-FF54-494E-B73A-87FEE11527A6}.Release|ARM64.Build.0 = Release|Any CPU
		{0E78C74C-FF54-494E-B73A-87FEE11527A6}.Release|x64.ActiveCfg = Release|Any CPU
		{0E78C74C-FF54-494E-B73A-87FEE11527A6}.Release|x64.Build.0 = Release|Any CPU
		{0E78C74C-FF54-494E-B73A-87FEE11527A6}.Release|x86.ActiveCfg = Release|Any CPU
		{0E78C74C-FF54-494E-B73A-87FEE11527A6}.Release|x86.Build.0 = Release|Any CPU
		{0DADE45C-D974-4439-953A-73D8FFFF89BE}.Debug|Any CPU.ActiveCfg = Debug|Any CPU
		{0DADE45C-D974-4439-953A-73D8FFFF89BE}.Debug|Any CPU.Build.0 = Debug|Any CPU
		{0DADE45C-D974-4439-953A-73D8FFFF89BE}.Debug|ARM.ActiveCfg = Debug|Any CPU
		{0DADE45C-D974-4439-953A-73D8FFFF89BE}.Debug|ARM.Build.0 = Debug|Any CPU
		{0DADE45C-D974-4439-953A-73D8FFFF89BE}.Debug|ARM64.ActiveCfg = Debug|Any CPU
		{0DADE45C-D974-4439-953A-73D8FFFF89BE}.Debug|ARM64.Build.0 = Debug|Any CPU
		{0DADE45C-D974-4439-953A-73D8FFFF89BE}.Debug|x64.ActiveCfg = Debug|Any CPU
		{0DADE45C-D974-4439-953A-73D8FFFF89BE}.Debug|x64.Build.0 = Debug|Any CPU
		{0DADE45C-D974-4439-953A-73D8FFFF89BE}.Debug|x86.ActiveCfg = Debug|Any CPU
		{0DADE45C-D974-4439-953A-73D8FFFF89BE}.Debug|x86.Build.0 = Debug|Any CPU
		{0DADE45C-D974-4439-953A-73D8FFFF89BE}.Release|Any CPU.ActiveCfg = Release|Any CPU
		{0DADE45C-D974-4439-953A-73D8FFFF89BE}.Release|Any CPU.Build.0 = Release|Any CPU
		{0DADE45C-D974-4439-953A-73D8FFFF89BE}.Release|ARM.ActiveCfg = Release|Any CPU
		{0DADE45C-D974-4439-953A-73D8FFFF89BE}.Release|ARM.Build.0 = Release|Any CPU
		{0DADE45C-D974-4439-953A-73D8FFFF89BE}.Release|ARM64.ActiveCfg = Release|Any CPU
		{0DADE45C-D974-4439-953A-73D8FFFF89BE}.Release|ARM64.Build.0 = Release|Any CPU
		{0DADE45C-D974-4439-953A-73D8FFFF89BE}.Release|x64.ActiveCfg = Release|Any CPU
		{0DADE45C-D974-4439-953A-73D8FFFF89BE}.Release|x64.Build.0 = Release|Any CPU
		{0DADE45C-D974-4439-953A-73D8FFFF89BE}.Release|x86.ActiveCfg = Release|Any CPU
		{0DADE45C-D974-4439-953A-73D8FFFF89BE}.Release|x86.Build.0 = Release|Any CPU
		{702F79CC-5740-4B0E-A9F1-13BFDEE19A15}.Debug|Any CPU.ActiveCfg = Debug|Any CPU
		{702F79CC-5740-4B0E-A9F1-13BFDEE19A15}.Debug|Any CPU.Build.0 = Debug|Any CPU
		{702F79CC-5740-4B0E-A9F1-13BFDEE19A15}.Debug|ARM.ActiveCfg = Debug|Any CPU
		{702F79CC-5740-4B0E-A9F1-13BFDEE19A15}.Debug|ARM.Build.0 = Debug|Any CPU
		{702F79CC-5740-4B0E-A9F1-13BFDEE19A15}.Debug|ARM64.ActiveCfg = Debug|Any CPU
		{702F79CC-5740-4B0E-A9F1-13BFDEE19A15}.Debug|ARM64.Build.0 = Debug|Any CPU
		{702F79CC-5740-4B0E-A9F1-13BFDEE19A15}.Debug|x64.ActiveCfg = Debug|Any CPU
		{702F79CC-5740-4B0E-A9F1-13BFDEE19A15}.Debug|x64.Build.0 = Debug|Any CPU
		{702F79CC-5740-4B0E-A9F1-13BFDEE19A15}.Debug|x86.ActiveCfg = Debug|Any CPU
		{702F79CC-5740-4B0E-A9F1-13BFDEE19A15}.Debug|x86.Build.0 = Debug|Any CPU
		{702F79CC-5740-4B0E-A9F1-13BFDEE19A15}.Release|Any CPU.ActiveCfg = Release|Any CPU
		{702F79CC-5740-4B0E-A9F1-13BFDEE19A15}.Release|Any CPU.Build.0 = Release|Any CPU
		{702F79CC-5740-4B0E-A9F1-13BFDEE19A15}.Release|ARM.ActiveCfg = Release|Any CPU
		{702F79CC-5740-4B0E-A9F1-13BFDEE19A15}.Release|ARM.Build.0 = Release|Any CPU
		{702F79CC-5740-4B0E-A9F1-13BFDEE19A15}.Release|ARM64.ActiveCfg = Release|Any CPU
		{702F79CC-5740-4B0E-A9F1-13BFDEE19A15}.Release|ARM64.Build.0 = Release|Any CPU
		{702F79CC-5740-4B0E-A9F1-13BFDEE19A15}.Release|x64.ActiveCfg = Release|Any CPU
		{702F79CC-5740-4B0E-A9F1-13BFDEE19A15}.Release|x64.Build.0 = Release|Any CPU
		{702F79CC-5740-4B0E-A9F1-13BFDEE19A15}.Release|x86.ActiveCfg = Release|Any CPU
		{702F79CC-5740-4B0E-A9F1-13BFDEE19A15}.Release|x86.Build.0 = Release|Any CPU
		{63FFDED2-2F1D-43F4-9AA2-6B297891F34F}.Debug|Any CPU.ActiveCfg = Debug|Any CPU
		{63FFDED2-2F1D-43F4-9AA2-6B297891F34F}.Debug|Any CPU.Build.0 = Debug|Any CPU
		{63FFDED2-2F1D-43F4-9AA2-6B297891F34F}.Debug|ARM.ActiveCfg = Debug|Any CPU
		{63FFDED2-2F1D-43F4-9AA2-6B297891F34F}.Debug|ARM.Build.0 = Debug|Any CPU
		{63FFDED2-2F1D-43F4-9AA2-6B297891F34F}.Debug|ARM64.ActiveCfg = Debug|Any CPU
		{63FFDED2-2F1D-43F4-9AA2-6B297891F34F}.Debug|ARM64.Build.0 = Debug|Any CPU
		{63FFDED2-2F1D-43F4-9AA2-6B297891F34F}.Debug|x64.ActiveCfg = Debug|Any CPU
		{63FFDED2-2F1D-43F4-9AA2-6B297891F34F}.Debug|x64.Build.0 = Debug|Any CPU
		{63FFDED2-2F1D-43F4-9AA2-6B297891F34F}.Debug|x86.ActiveCfg = Debug|Any CPU
		{63FFDED2-2F1D-43F4-9AA2-6B297891F34F}.Debug|x86.Build.0 = Debug|Any CPU
		{63FFDED2-2F1D-43F4-9AA2-6B297891F34F}.Release|Any CPU.ActiveCfg = Release|Any CPU
		{63FFDED2-2F1D-43F4-9AA2-6B297891F34F}.Release|Any CPU.Build.0 = Release|Any CPU
		{63FFDED2-2F1D-43F4-9AA2-6B297891F34F}.Release|ARM.ActiveCfg = Release|Any CPU
		{63FFDED2-2F1D-43F4-9AA2-6B297891F34F}.Release|ARM.Build.0 = Release|Any CPU
		{63FFDED2-2F1D-43F4-9AA2-6B297891F34F}.Release|ARM64.ActiveCfg = Release|Any CPU
		{63FFDED2-2F1D-43F4-9AA2-6B297891F34F}.Release|ARM64.Build.0 = Release|Any CPU
		{63FFDED2-2F1D-43F4-9AA2-6B297891F34F}.Release|x64.ActiveCfg = Release|Any CPU
		{63FFDED2-2F1D-43F4-9AA2-6B297891F34F}.Release|x64.Build.0 = Release|Any CPU
		{63FFDED2-2F1D-43F4-9AA2-6B297891F34F}.Release|x86.ActiveCfg = Release|Any CPU
		{63FFDED2-2F1D-43F4-9AA2-6B297891F34F}.Release|x86.Build.0 = Release|Any CPU
	EndGlobalSection
	GlobalSection(SolutionProperties) = preSolution
		HideSolutionNode = FALSE
	EndGlobalSection
	GlobalSection(ExtensibilityGlobals) = postSolution
		SolutionGuid = {0A0EF026-E913-4E1C-8FC7-BB01953BF575}
	EndGlobalSection
EndGlobal
