
Microsoft Visual Studio Solution File, Format Version 12.00
# Visual Studio Version 16
VisualStudioVersion = 16.0.28803.202
MinimumVisualStudioVersion = 10.0.40219.1
Project("{9A19103F-16F7-4668-BE54-9A1E7A4F7556}") = "UpgradeService", "UpgradeService\UpgradeService.csproj", "{055C74D3-C413-4146-8CBD-F10AF60099C8}"
EndProject
Project("{9A19103F-16F7-4668-BE54-9A1E7A4F7556}") = "FileTransfe", "FileTransfe\FileTransfe.csproj", "{29FD9FA8-F735-44B8-B5E4-4C147F27CE99}"
EndProject
Project("{FAE04EC0-301F-11D3-BF4B-00C04F79EFBC}") = "TransfeTest", "TransfeTest\TransfeTest.csproj", "{0E78C74C-FF54-494E-B73A-87FEE11527A6}"
EndProject
Global
	GlobalSection(SolutionConfigurationPlatforms) = preSolution
		Debug|Any CPU = Debug|Any CPU
		Debug|ARM = Debug|ARM
		Debug|ARM64 = Debug|ARM64
		Debug|x64 = Debug|x64
		Debug|x86 = Debug|x86
		Release|Any CPU = Release|Any CPU
		Release|ARM = Release|ARM
		Release|ARM64 = Release|ARM64
		Release|x64 = Release|x64
		Release|x86 = Release|x86
	EndGlobalSection
	GlobalSection(ProjectConfigurationPlatforms) = postSolution
		{055C74D3-C413-4146-8CBD-F10AF60099C8}.Debug|Any CPU.ActiveCfg = Debug|Any CPU
		{055C74D3-C413-4146-8CBD-F10AF60099C8}.Debug|Any CPU.Build.0 = Debug|Any CPU
		{055C74D3-C413-4146-8CBD-F10AF60099C8}.Debug|ARM.ActiveCfg = Debug|Any CPU
		{055C74D3-C413-4146-8CBD-F10AF60099C8}.Debug|ARM.Build.0 = Debug|Any CPU
		{055C74D3-C413-4146-8CBD-F10AF60099C8}.Debug|ARM64.ActiveCfg = Debug|Any CPU
		{055C74D3-C413-4146-8CBD-F10AF60099C8}.Debug|ARM64.Build.0 = Debug|Any CPU
		{055C74D3-C413-4146-8CBD-F10AF60099C8}.Debug|x64.ActiveCfg = Debug|Any CPU
		{055C74D3-C413-4146-8CBD-F10AF60099C8}.Debug|x64.Build.0 = Debug|Any CPU
		{055C74D3-C413-4146-8CBD-F10AF60099C8}.Debug|x86.ActiveCfg = Debug|Any CPU
		{055C74D3-C413-4146-8CBD-F10AF60099C8}.Debug|x86.Build.0 = Debug|Any CPU
		{055C74D3-C413-4146-8CBD-F10AF60099C8}.Release|Any CPU.ActiveCfg = Release|Any CPU
		{055C74D3-C413-4146-8CBD-F10AF60099C8}.Release|Any CPU.Build.0 = Release|Any CPU
		{055C74D3-C413-4146-8CBD-F10AF60099C8}.Release|ARM.ActiveCfg = Release|Any CPU
		{055C74D3-C413-4146-8CBD-F10AF60099C8}.Release|ARM.Build.0 = Release|Any CPU
		{055C74D3-C413-4146-8CBD-F10AF60099C8}.Release|ARM64.ActiveCfg = Release|Any CPU
		{055C74D3-C413-4146-8CBD-F10AF60099C8}.Release|ARM64.Build.0 = Release|Any CPU
		{055C74D3-C413-4146-8CBD-F10AF60099C8}.Release|x64.ActiveCfg = Release|Any CPU
		{055C74D3-C413-4146-8CBD-F10AF60099C8}.Release|x64.Build.0 = Release|Any CPU
		{055C74D3-C413-4146-8CBD-F10AF60099C8}.Release|x86.ActiveCfg = Release|Any CPU
		{055C74D3-C413-4146-8CBD-F10AF60099C8}.Release|x86.Build.0 = Release|Any CPU
		{29FD9FA8-F735-44B8-B5E4-4C147F27CE99}.Debug|Any CPU.ActiveCfg = Debug|Any CPU
		{29FD9FA8-F735-44B8-B5E4-4C147F27CE99}.Debug|Any CPU.Build.0 = Debug|Any CPU
		{29FD9FA8-F735-44B8-B5E4-4C147F27CE99}.Debug|ARM.ActiveCfg = Debug|Any CPU
		{29FD9FA8-F735-44B8-B5E4-4C147F27CE99}.Debug|ARM.Build.0 = Debug|Any CPU
		{29FD9FA8-F735-44B8-B5E4-4C147F27CE99}.Debug|ARM64.ActiveCfg = Debug|Any CPU
		{29FD9FA8-F735-44B8-B5E4-4C147F27CE99}.Debug|ARM64.Build.0 = Debug|Any CPU
		{29FD9FA8-F735-44B8-B5E4-4C147F27CE99}.Debug|x64.ActiveCfg = Debug|Any CPU
		{29FD9FA8-F735-44B8-B5E4-4C147F27CE99}.Debug|x64.Build.0 = Debug|Any CPU
		{29FD9FA8-F735-44B8-B5E4-4C147F27CE99}.Debug|x86.ActiveCfg = Debug|Any CPU
		{29FD9FA8-F735-44B8-B5E4-4C147F27CE99}.Debug|x86.Build.0 = Debug|Any CPU
		{29FD9FA8-F735-44B8-B5E4-4C147F27CE99}.Release|Any CPU.ActiveCfg = Release|Any CPU
		{29FD9FA8-F735-44B8-B5E4-4C147F27CE99}.Release|Any CPU.Build.0 = Release|Any CPU
		{29FD9FA8-F735-44B8-B5E4-4C147F27CE99}.Release|ARM.ActiveCfg = Release|Any CPU
		{29FD9FA8-F735-44B8-B5E4-4C147F27CE99}.Release|ARM.Build.0 = Release|Any CPU
		{29FD9FA8-F735-44B8-B5E4-4C147F27CE99}.Release|ARM64.ActiveCfg = Release|Any CPU
		{29FD9FA8-F735-44B8-B5E4-4C147F27CE99}.Release|ARM64.Build.0 = Release|Any CPU
		{29FD9FA8-F735-44B8-B5E4-4C147F27CE99}.Release|x64.ActiveCfg = Release|Any CPU
		{29FD9FA8-F735-44B8-B5E4-4C147F27CE99}.Release|x64.Build.0 = Release|Any CPU
		{29FD9FA8-F735-44B8-B5E4-4C147F27CE99}.Release|x86.ActiveCfg = Release|Any CPU
		{29FD9FA8-F735-44B8-B5E4-4C147F27CE99}.Release|x86.Build.0 = Release|Any CPU
		{0E78C74C-FF54-494E-B73A-87FEE11527A6}.Debug|Any CPU.ActiveCfg = Debug|Any CPU
		{0E78C74C-FF54-494E-B73A-87FEE11527A6}.Debug|Any CPU.Build.0 = Debug|Any CPU
		{0E78C74C-FF54-494E-B73A-87FEE11527A6}.Debug|ARM.ActiveCfg = Debug|Any CPU
		{0E78C74C-FF54-494E-B73A-87FEE11527A6}.Debug|ARM.Build.0 = Debug|Any CPU
		{0E78C74C-FF54-494E-B73A-87FEE11527A6}.Debug|ARM64.ActiveCfg = Debug|Any CPU
		{0E78C74C-FF54-494E-B73A-87FEE11527A6}.Debug|ARM64.Build.0 = Debug|Any CPU
		{0E78C74C-FF54-494E-B73A-87FEE11527A6}.Debug|x64.ActiveCfg = Debug|Any CPU
		{0E78C74C-FF54-494E-B73A-87FEE11527A6}.Debug|x64.Build.0 = Debug|Any CPU
		{0E78C74C-FF54-494E-B73A-87FEE11527A6}.Debug|x86.ActiveCfg = Debug|Any CPU
		{0E78C74C-FF54-494E-B73A-87FEE11527A6}.Debug|x86.Build.0 = Debug|Any CPU
		{0E78C74C-FF54-494E-B73A-87FEE11527A6}.Release|Any CPU.ActiveCfg = Release|Any CPU
		{0E78C74C-FF54-494E-B73A-87FEE11527A6}.Release|Any CPU.Build.0 = Release|Any CPU
		{0E78C74C-FF54-494E-B73A-87FEE11527A6}.Release|ARM.ActiveCfg = Release|Any CPU
		{0E78C74C-FF54-494E-B73A-87FEE11527A6}.Release|ARM.Build.0 = Release|Any CPU
		{0E78C74C-FF54-494E-B73A-87FEE11527A6}.Release|ARM64.ActiveCfg = Release|Any CPU
		{0E78C74C-FF54-494E-B73A-87FEE11527A6}.Release|ARM64.Build.0 = Release|Any CPU
		{0E78C74C-FF54-494E-B73A-87FEE11527A6}.Release|x64.ActiveCfg = Release|Any CPU
		{0E78C74C-FF54-494E-B73A-87FEE11527A6}.Release|x64.Build.0 = Release|Any CPU
		{0E78C74C-FF54-494E-B73A-87FEE11527A6}.Release|x86.ActiveCfg = Release|Any CPU
		{0E78C74C-FF54-494E-B73A-87FEE11527A6}.Release|x86.Build.0 = Release|Any CPU
	EndGlobalSection
	GlobalSection(SolutionProperties) = preSolution
		HideSolutionNode = FALSE
	EndGlobalSection
	GlobalSection(ExtensibilityGlobals) = postSolution
		SolutionGuid = {0A0EF026-E913-4E1C-8FC7-BB01953BF575}
	EndGlobalSection
EndGlobal
